
Microsoft Visual Studio Solution File, Format Version 12.00
# Visual Studio Version 17
VisualStudioVersion = 17.14.36221.1 d17.14
MinimumVisualStudioVersion = 10.0.40219.1
Project("{FAE04EC0-301F-11D3-BF4B-00C04F79EFBC}") = "Calculadora", "Calculadora.csproj", "{4561B8F3-A538-441E-B341-EE8160D2A2AD}"
EndProject
Global
	GlobalSection(SolutionConfigurationPlatforms) = preSolution
		Debug|Any CPU = Debug|Any CPU
		Release|Any CPU = Release|Any CPU
	EndGlobalSection
	GlobalSection(ProjectConfigurationPlatforms) = postSolution
		{4561B8F3-A538-441E-B341-EE8160D2A2AD}.Debug|Any CPU.ActiveCfg = Debug|Any CPU
		{4561B8F3-A538-441E-B341-EE8160D2A2AD}.Debug|Any CPU.Build.0 = Debug|Any CPU
		{4561B8F3-A538-441E-B341-EE8160D2A2AD}.Release|Any CPU.ActiveCfg = Release|Any CPU
		{4561B8F3-A538-441E-B341-EE8160D2A2AD}.Release|Any CPU.Build.0 = Release|Any CPU
	EndGlobalSection
	GlobalSection(SolutionProperties) = preSolution
		HideSolutionNode = FALSE
	EndGlobalSection
	GlobalSection(ExtensibilityGlobals) = postSolution
		SolutionGuid = {A31C7F0C-C920-44B2-9D7D-AC0320E4334E}
	EndGlobalSection
EndGlobal
